
Microsoft Visual Studio Solution File, Format Version 12.00
# Visual Studio Version 16
VisualStudioVersion = 16.0.31129.286
MinimumVisualStudioVersion = 10.0.40219.1
Project("{FAE04EC0-301F-11D3-BF4B-00C04F79EFBC}") = "FoodOrdering", "FoodOrdering.csproj", "{DD560EAE-C3F8-494D-B4E0-3535B673912B}"
EndProject
Global
	GlobalSection(SolutionConfigurationPlatforms) = preSolution
		Debug|Any CPU = Debug|Any CPU
		Release|Any CPU = Release|Any CPU
	EndGlobalSection
	GlobalSection(ProjectConfigurationPlatforms) = postSolution
		{DD560EAE-C3F8-494D-B4E0-3535B673912B}.Debug|Any CPU.ActiveCfg = Debug|Any CPU
		{DD560EAE-C3F8-494D-B4E0-3535B673912B}.Debug|Any CPU.Build.0 = Debug|Any CPU
		{DD560EAE-C3F8-494D-B4E0-3535B673912B}.Release|Any CPU.ActiveCfg = Release|Any CPU
		{DD560EAE-C3F8-494D-B4E0-3535B673912B}.Release|Any CPU.Build.0 = Release|Any CPU
	EndGlobalSection
	GlobalSection(SolutionProperties) = preSolution
		HideSolutionNode = FALSE
	EndGlobalSection
	GlobalSection(ExtensibilityGlobals) = postSolution
		SolutionGuid = {F997FBB3-12C3-448B-B430-DF76A98B485D}
	EndGlobalSection
EndGlobal
